
Microsoft Visual Studio Solution File, Format Version 12.00
# Visual Studio Version 17
VisualStudioVersion = 17.14.37411.7 d17.14
MinimumVisualStudioVersion = 10.0.40219.1
Project("{F14B399A-7131-4C87-9E4B-1186C45EF12D}") = "Week6DrillDownReport", "Week6DrillDownReport\Week6DrillDownReport.rptproj", "{4B21BB15-F89B-342F-31B2-2396EF055740}"
EndProject
Global
	GlobalSection(SolutionConfigurationPlatforms) = preSolution
		Debug|Default = Debug|Default
		DebugLocal|Default = DebugLocal|Default
		Release|Default = Release|Default
	EndGlobalSection
	GlobalSection(ProjectConfigurationPlatforms) = postSolution
		{4B21BB15-F89B-342F-31B2-2396EF055740}.Debug|Default.ActiveCfg = Debug
		{4B21BB15-F89B-342F-31B2-2396EF055740}.Debug|Default.Build.0 = Debug
		{4B21BB15-F89B-342F-31B2-2396EF055740}.Debug|Default.Deploy.0 = Debug
		{4B21BB15-F89B-342F-31B2-2396EF055740}.DebugLocal|Default.ActiveCfg = DebugLocal
		{4B21BB15-F89B-342F-31B2-2396EF055740}.DebugLocal|Default.Build.0 = DebugLocal
		{4B21BB15-F89B-342F-31B2-2396EF055740}.Release|Default.ActiveCfg = Release
		{4B21BB15-F89B-342F-31B2-2396EF055740}.Release|Default.Build.0 = Release
		{4B21BB15-F89B-342F-31B2-2396EF055740}.Release|Default.Deploy.0 = Release
	EndGlobalSection
	GlobalSection(SolutionProperties) = preSolution
		HideSolutionNode = FALSE
	EndGlobalSection
	GlobalSection(ExtensibilityGlobals) = postSolution
		SolutionGuid = {548A859E-8FB6-4231-A91B-32DB5454FA73}
	EndGlobalSection
EndGlobal
